
Microsoft Visual Studio Solution File, Format Version 12.00
# Visual Studio Version 17
VisualStudioVersion = 17.4.33122.133
MinimumVisualStudioVersion = 10.0.40219.1
Project("{FAE04EC0-301F-11D3-BF4B-00C04F79EFBC}") = "MCOauthLogin", "MCOauthLogin\MCOauthLogin.csproj", "{9B926A69-C611-440C-940A-2224C11C8186}"
EndProject
Global
	GlobalSection(SolutionConfigurationPlatforms) = preSolution
		Debug|Any CPU = Debug|Any CPU
		Release|Any CPU = Release|Any CPU
	EndGlobalSection
	GlobalSection(ProjectConfigurationPlatforms) = postSolution
		{9B926A69-C611-440C-940A-2224C11C8186}.Debug|Any CPU.ActiveCfg = Debug|Any CPU
		{9B926A69-C611-440C-940A-2224C11C8186}.Debug|Any CPU.Build.0 = Debug|Any CPU
		{9B926A69-C611-440C-940A-2224C11C8186}.Release|Any CPU.ActiveCfg = Release|Any CPU
		{9B926A69-C611-440C-940A-2224C11C8186}.Release|Any CPU.Build.0 = Release|Any CPU
	EndGlobalSection
	GlobalSection(SolutionProperties) = preSolution
		HideSolutionNode = FALSE
	EndGlobalSection
	GlobalSection(ExtensibilityGlobals) = postSolution
		SolutionGuid = {E6799E95-3F30-48DF-9D28-E41C34D15DD0}
	EndGlobalSection
EndGlobal
